
Microsoft Visual Studio Solution File, Format Version 12.00
# Visual Studio Version 17
VisualStudioVersion = 17.7.34031.279
MinimumVisualStudioVersion = 10.0.40219.1
Project("{8BC9CEB8-8B4A-11D0-8D11-00A0C91BC942}") = "BOJ_28431", "BOJ_28431\BOJ_28431.vcxproj", "{6D342FF8-457F-4AB4-91A0-2CB0ED56DA42}"
EndProject
Global
	GlobalSection(SolutionConfigurationPlatforms) = preSolution
		Debug|x64 = Debug|x64
		Release|x64 = Release|x64
	EndGlobalSection
	GlobalSection(ProjectConfigurationPlatforms) = postSolution
		{6D342FF8-457F-4AB4-91A0-2CB0ED56DA42}.Debug|x64.ActiveCfg = Debug|x64
		{6D342FF8-457F-4AB4-91A0-2CB0ED56DA42}.Debug|x64.Build.0 = Debug|x64
		{6D342FF8-457F-4AB4-91A0-2CB0ED56DA42}.Release|x64.ActiveCfg = Release|x64
		{6D342FF8-457F-4AB4-91A0-2CB0ED56DA42}.Release|x64.Build.0 = Release|x64
	EndGlobalSection
	GlobalSection(SolutionProperties) = preSolution
		HideSolutionNode = FALSE
	EndGlobalSection
	GlobalSection(ExtensibilityGlobals) = postSolution
		SolutionGuid = {301DF744-CAD1-427B-9540-03E7BA7C33B2}
	EndGlobalSection
EndGlobal
